
Microsoft Visual Studio Solution File, Format Version 12.00
# Visual Studio Version 16
VisualStudioVersion = 16.0.32630.194
MinimumVisualStudioVersion = 10.0.40219.1
Project("{FAE04EC0-301F-11D3-BF4B-00C04F79EFBC}") = "EulerProjectProblem16", "EulerProjectProblem16\EulerProjectProblem16.csproj", "{C27F86B6-B01E-4907-9B20-7676CB15CADC}"
EndProject
Global
	GlobalSection(SolutionConfigurationPlatforms) = preSolution
		Debug|Any CPU = Debug|Any CPU
		Release|Any CPU = Release|Any CPU
	EndGlobalSection
	GlobalSection(ProjectConfigurationPlatforms) = postSolution
		{C27F86B6-B01E-4907-9B20-7676CB15CADC}.Debug|Any CPU.ActiveCfg = Debug|Any CPU
		{C27F86B6-B01E-4907-9B20-7676CB15CADC}.Debug|Any CPU.Build.0 = Debug|Any CPU
		{C27F86B6-B01E-4907-9B20-7676CB15CADC}.Release|Any CPU.ActiveCfg = Release|Any CPU
		{C27F86B6-B01E-4907-9B20-7676CB15CADC}.Release|Any CPU.Build.0 = Release|Any CPU
	EndGlobalSection
	GlobalSection(SolutionProperties) = preSolution
		HideSolutionNode = FALSE
	EndGlobalSection
	GlobalSection(ExtensibilityGlobals) = postSolution
		SolutionGuid = {65638A3B-F139-48F6-8A69-FAAB0D185554}
	EndGlobalSection
EndGlobal
