
Microsoft Visual Studio Solution File, Format Version 12.00
# Visual Studio Version 16
VisualStudioVersion = 16.0.32630.194
MinimumVisualStudioVersion = 10.0.40219.1
Project("{FAE04EC0-301F-11D3-BF4B-00C04F79EFBC}") = "EulerProjectProblem4", "EulerProjectProblem4\EulerProjectProblem4.csproj", "{3C8B4240-A751-4EDE-BCF3-CDC479CE8852}"
EndProject
Global
	GlobalSection(SolutionConfigurationPlatforms) = preSolution
		Debug|Any CPU = Debug|Any CPU
		Release|Any CPU = Release|Any CPU
	EndGlobalSection
	GlobalSection(ProjectConfigurationPlatforms) = postSolution
		{3C8B4240-A751-4EDE-BCF3-CDC479CE8852}.Debug|Any CPU.ActiveCfg = Debug|Any CPU
		{3C8B4240-A751-4EDE-BCF3-CDC479CE8852}.Debug|Any CPU.Build.0 = Debug|Any CPU
		{3C8B4240-A751-4EDE-BCF3-CDC479CE8852}.Release|Any CPU.ActiveCfg = Release|Any CPU
		{3C8B4240-A751-4EDE-BCF3-CDC479CE8852}.Release|Any CPU.Build.0 = Release|Any CPU
	EndGlobalSection
	GlobalSection(SolutionProperties) = preSolution
		HideSolutionNode = FALSE
	EndGlobalSection
	GlobalSection(ExtensibilityGlobals) = postSolution
		SolutionGuid = {08CDADA9-F7B0-4D78-A2FC-80D65DFA94E8}
	EndGlobalSection
EndGlobal
